
Microsoft Visual Studio Solution File, Format Version 12.00
# Visual Studio Version 16
VisualStudioVersion = 16.0.31702.278
MinimumVisualStudioVersion = 10.0.40219.1
Project("{9A19103F-16F7-4668-BE54-9A1E7A4F7556}") = "AppService.Identity", "AppService.Identity\AppService.Identity.csproj", "{10676B11-24A9-4612-9EB2-5F41AA7E2478}"
EndProject
Project("{FAE04EC0-301F-11D3-BF4B-00C04F79EFBC}") = "Client", "Client\Client.csproj", "{7DC5EE60-584E-44BF-9891-D59C9C0C7813}"
EndProject
Global
	GlobalSection(SolutionConfigurationPlatforms) = preSolution
		Debug|Any CPU = Debug|Any CPU
		Release|Any CPU = Release|Any CPU
	EndGlobalSection
	GlobalSection(ProjectConfigurationPlatforms) = postSolution
		{10676B11-24A9-4612-9EB2-5F41AA7E2478}.Debug|Any CPU.ActiveCfg = Debug|Any CPU
		{10676B11-24A9-4612-9EB2-5F41AA7E2478}.Debug|Any CPU.Build.0 = Debug|Any CPU
		{10676B11-24A9-4612-9EB2-5F41AA7E2478}.Release|Any CPU.ActiveCfg = Release|Any CPU
		{10676B11-24A9-4612-9EB2-5F41AA7E2478}.Release|Any CPU.Build.0 = Release|Any CPU
		{7DC5EE60-584E-44BF-9891-D59C9C0C7813}.Debug|Any CPU.ActiveCfg = Debug|Any CPU
		{7DC5EE60-584E-44BF-9891-D59C9C0C7813}.Debug|Any CPU.Build.0 = Debug|Any CPU
		{7DC5EE60-584E-44BF-9891-D59C9C0C7813}.Release|Any CPU.ActiveCfg = Release|Any CPU
		{7DC5EE60-584E-44BF-9891-D59C9C0C7813}.Release|Any CPU.Build.0 = Release|Any CPU
	EndGlobalSection
	GlobalSection(SolutionProperties) = preSolution
		HideSolutionNode = FALSE
	EndGlobalSection
	GlobalSection(ExtensibilityGlobals) = postSolution
		SolutionGuid = {489A83C3-73FE-49E7-8CE9-2B24A0329F83}
	EndGlobalSection
EndGlobal
